
Microsoft Visual Studio Solution File, Format Version 12.00
# Visual Studio 15
VisualStudioVersion = 15.0.26730.16
MinimumVisualStudioVersion = 10.0.40219.1
Project("{9A19103F-16F7-4668-BE54-9A1E7A4F7556}") = "SimpleBdd", "SimpleBdd\SimpleBdd.csproj", "{DCABAC1D-F67D-4BB9-956F-906D275D703B}"
EndProject
Project("{9A19103F-16F7-4668-BE54-9A1E7A4F7556}") = "SimpleBdd.Tests", "SimpleBdd.Tests\SimpleBdd.Tests.csproj", "{5DF68A2D-5142-4470-97A4-7F060B3FDEC8}"
EndProject
Project("{9A19103F-16F7-4668-BE54-9A1E7A4F7556}") = "TestAssembly", "TestAssembly\TestAssembly.csproj", "{34FF2F88-FDAD-42CD-BF33-2C9AB72AA3DE}"
EndProject
Project("{FAE04EC0-301F-11D3-BF4B-00C04F79EFBC}") = "ScenarioToCodeConverter", "ScenarioToCodeConverter\ScenarioToCodeConverter.csproj", "{BED3F1CE-34BB-4384-80F6-C3DB16A79846}"
EndProject
Global
	GlobalSection(SolutionConfigurationPlatforms) = preSolution
		Debug|Any CPU = Debug|Any CPU
		Release|Any CPU = Release|Any CPU
	EndGlobalSection
	GlobalSection(ProjectConfigurationPlatforms) = postSolution
		{DCABAC1D-F67D-4BB9-956F-906D275D703B}.Debug|Any CPU.ActiveCfg = Debug|Any CPU
		{DCABAC1D-F67D-4BB9-956F-906D275D703B}.Debug|Any CPU.Build.0 = Debug|Any CPU
		{DCABAC1D-F67D-4BB9-956F-906D275D703B}.Release|Any CPU.ActiveCfg = Release|Any CPU
		{DCABAC1D-F67D-4BB9-956F-906D275D703B}.Release|Any CPU.Build.0 = Release|Any CPU
		{5DF68A2D-5142-4470-97A4-7F060B3FDEC8}.Debug|Any CPU.ActiveCfg = Debug|Any CPU
		{5DF68A2D-5142-4470-97A4-7F060B3FDEC8}.Debug|Any CPU.Build.0 = Debug|Any CPU
		{5DF68A2D-5142-4470-97A4-7F060B3FDEC8}.Release|Any CPU.ActiveCfg = Release|Any CPU
		{5DF68A2D-5142-4470-97A4-7F060B3FDEC8}.Release|Any CPU.Build.0 = Release|Any CPU
		{34FF2F88-FDAD-42CD-BF33-2C9AB72AA3DE}.Debug|Any CPU.ActiveCfg = Debug|Any CPU
		{34FF2F88-FDAD-42CD-BF33-2C9AB72AA3DE}.Debug|Any CPU.Build.0 = Debug|Any CPU
		{34FF2F88-FDAD-42CD-BF33-2C9AB72AA3DE}.Release|Any CPU.ActiveCfg = Release|Any CPU
		{34FF2F88-FDAD-42CD-BF33-2C9AB72AA3DE}.Release|Any CPU.Build.0 = Release|Any CPU
		{BED3F1CE-34BB-4384-80F6-C3DB16A79846}.Debug|Any CPU.ActiveCfg = Debug|Any CPU
		{BED3F1CE-34BB-4384-80F6-C3DB16A79846}.Debug|Any CPU.Build.0 = Debug|Any CPU
		{BED3F1CE-34BB-4384-80F6-C3DB16A79846}.Release|Any CPU.ActiveCfg = Release|Any CPU
		{BED3F1CE-34BB-4384-80F6-C3DB16A79846}.Release|Any CPU.Build.0 = Release|Any CPU
	EndGlobalSection
	GlobalSection(SolutionProperties) = preSolution
		HideSolutionNode = FALSE
	EndGlobalSection
	GlobalSection(ExtensibilityGlobals) = postSolution
		SolutionGuid = {5132F627-29A4-46A9-A781-9ACCC662F78A}
	EndGlobalSection
EndGlobal
